<?xml version="1.0" encoding="utf-8"?>
<Project ToolsVersion="4.0" xmlns="http://schemas.microsoft.com/developer/msbuild/2003">
  <ItemGroup>
    <Filter Include="Archivos de origen">
      <UniqueIdentifier>{4FC737F1-C7A5-4376-A066-2A32D752A2FF}</UniqueIdentifier>
      <Extensions>cpp;c;cc;cxx;c++;cppm;ixx;def;odl;idl;hpj;bat;asm;asmx</Extensions>
    </Filter>
    <Filter Include="Archivos de encabezado">
      <UniqueIdentifier>{93995380-89BD-4b04-88EB-625FBE52EBFB}</UniqueIdentifier>
      <Extensions>h;hh;hpp;hxx;h++;hm;inl;inc;ipp;xsd</Extensions>
    </Filter>
    <Filter Include="Archivos de recursos">
      <UniqueIdentifier>{67DA6AB6-F800-4c08-8B7A-83BB121AAD01}</UniqueIdentifier>
      <Extensions>rc;ico;cur;bmp;dlg;rc2;rct;bin;rgs;gif;jpg;jpeg;jpe;resx;tiff;tif;png;wav;mfcribbon-ms</Extensions>
    </Filter>
    <Filter Include="Modelo">
      <UniqueIdentifier>{48fb44ae-e7de-42c5-805a-8f535bcfe1c9}</UniqueIdentifier>
    </Filter>
    <Filter Include="Vista">
      <UniqueIdentifier>{c2b67c9f-ab93-4808-93ec-a99e4d42f7b0}</UniqueIdentifier>
    </Filter>
    <Filter Include="Vista\IView">
      <UniqueIdentifier>{9e2518a8-240c-4c63-a7e7-266990269045}</UniqueIdentifier>
    </Filter>
    <Filter Include="Presentador">
      <UniqueIdentifier>{ca12f643-d979-478f-b93f-09b2e32b4c71}</UniqueIdentifier>
    </Filter>
  </ItemGroup>
  <ItemGroup>
    <ClCompile Include="Source.cpp">
      <Filter>Archivos de origen</Filter>
    </ClCompile>
    <ClCompile Include="Vista.cpp">
      <Filter>Vista</Filter>
    </ClCompile>
    <ClCompile Include="Presentador.cpp">
      <Filter>Presentador</Filter>
    </ClCompile>
    <ClCompile Include="Soldado.cpp">
      <Filter>Modelo</Filter>
    </ClCompile>
  </ItemGroup>
  <ItemGroup>
    <ClInclude Include="Arma.h">
      <Filter>Modelo</Filter>
    </ClInclude>
    <ClInclude Include="Revolver.h">
      <Filter>Modelo</Filter>
    </ClInclude>
    <ClInclude Include="Rifle.h">
      <Filter>Modelo</Filter>
    </ClInclude>
    <ClInclude Include="Escopeta.h">
      <Filter>Modelo</Filter>
    </ClInclude>
    <ClInclude Include="IView.h">
      <Filter>Vista\IView</Filter>
    </ClInclude>
    <ClInclude Include="Vista.h">
      <Filter>Vista</Filter>
    </ClInclude>
    <ClInclude Include="Presentador.h">
      <Filter>Presentador</Filter>
    </ClInclude>
    <ClInclude Include="Soldado.h">
      <Filter>Modelo</Filter>
    </ClInclude>
  </ItemGroup>
</Project>